github.com/zedseven/bch v0.0.0-20200201125056-37c593fe1c8c h1:7rOOTYtnunZAvDYgPJlOVB6gzYIsWvZB3AiMkVseYWY=
github.com/zedseven/bch v0.0.0-20200201125056-37c593fe1c8c/go.mod h1:0AuxvYpmyF88n0t6mPg47JyoNQuAfJWPAcYjxeFTzvs=
github.com/zedseven/bch v0.0.0-20200202173242-df1b8cdc643c h1:L6C//flNMSAN1SfGgTNod7C21xoUUgtcyTtWDgUGse0=
github.com/zedseven/bch v0.0.0-20200202173242-df1b8cdc643c/go.mod h1:0AuxvYpmyF88n0t6mPg47JyoNQuAfJWPAcYjxeFTzvs=
github.com/zedseven/bch v0.0.0-20200202210439-809c441a022e h1:ySYr6IJNAV43lq4y74hQD0yxoY9umqTJxWVpSMsE+0A=
github.com/zedseven/bch v0.0.0-20200202210439-809c441a022e/go.mod h1:0AuxvYpmyF88n0t6mPg47JyoNQuAfJWPAcYjxeFTzvs=
github.com/zedseven/binmani v0.0.0-20200202202908-f320181ef63c h1:cyNX0CJ7IXtJ+VBG8/rmbAI53OmXKyZXgDxBWSNf2Fs=
github.com/zedseven/binmani v0.0.0-20200202202908-f320181ef63c/go.mod h1:p5FZYx73bKwWh4qmcOIqzTv+BiNT9GJGHSnZ2/tL3ts=
github.com/zedseven/binmani v0.0.0-20200202205249-a2d3682acd53 h1:BPmGwmf6WPXi961+m48DbeMEgcJpraKWXNNIz5KfTpU=
github.com/zedseven/binmani v0.0.0-20200202205249-a2d3682acd53/go.mod h1:p5FZYx73bKwWh4qmcOIqzTv+BiNT9GJGHSnZ2/tL3ts=
github.com/zedseven/binmani v0.0.0-20200202211425-f0f0ccfa26f3 h1:Zy02ha05ksS3xeosAcdnucU/cYOQZZNWwXFaGsgN/xQ=
github.com/zedseven/binmani v0.0.0-20200202211425-f0f0ccfa26f3/go.mod h1:p5FZYx73bKwWh4qmcOIqzTv+BiNT9GJGHSnZ2/tL3ts=
