github.com/zedseven/bch v0.0.0-20200206041947-98defa56dee2 h1:Oy8nJWLOLpVlGQze50IWe7rYUeXHmTV4O8np7Pq0kMk=
github.com/zedseven/bch v0.0.0-20200206041947-98defa56dee2/go.mod h1:0AuxvYpmyF88n0t6mPg47JyoNQuAfJWPAcYjxeFTzvs=
github.com/zedseven/binmani v0.0.0-20200205224959-04362b2575eb h1:1w2TH1mNv+HrMGNErAnY9KhKMFgPtqLitbmieANEyCg=
github.com/zedseven/binmani v0.0.0-20200205224959-04362b2575eb/go.mod h1:p5FZYx73bKwWh4qmcOIqzTv+BiNT9GJGHSnZ2/tL3ts=
